
Microsoft Visual Studio Solution File, Format Version 12.00
# Visual Studio Version 17
VisualStudioVersion = 17.13.36105.23
MinimumVisualStudioVersion = 10.0.40219.1
Project("{FAE04EC0-301F-11D3-BF4B-00C04F79EFBC}") = "Embed.AppHost", "Embed.AppHost.csproj", "{6848EB5B-5BCD-4EE9-940A-B9652215224B}"
EndProject
Project("{FAE04EC0-301F-11D3-BF4B-00C04F79EFBC}") = "Embed.AWSless", "..\Embed.AWSless\Embed.AWSless.csproj", "{F052C36E-C12A-0BEA-178C-348065019F06}"
EndProject
Global
	GlobalSection(SolutionConfigurationPlatforms) = preSolution
		Debug|Any CPU = Debug|Any CPU
		Release|Any CPU = Release|Any CPU
	EndGlobalSection
	GlobalSection(ProjectConfigurationPlatforms) = postSolution
		{6848EB5B-5BCD-4EE9-940A-B9652215224B}.Debug|Any CPU.ActiveCfg = Debug|Any CPU
		{6848EB5B-5BCD-4EE9-940A-B9652215224B}.Debug|Any CPU.Build.0 = Debug|Any CPU
		{6848EB5B-5BCD-4EE9-940A-B9652215224B}.Release|Any CPU.ActiveCfg = Release|Any CPU
		{6848EB5B-5BCD-4EE9-940A-B9652215224B}.Release|Any CPU.Build.0 = Release|Any CPU
		{F052C36E-C12A-0BEA-178C-348065019F06}.Debug|Any CPU.ActiveCfg = Debug|Any CPU
		{F052C36E-C12A-0BEA-178C-348065019F06}.Debug|Any CPU.Build.0 = Debug|Any CPU
		{F052C36E-C12A-0BEA-178C-348065019F06}.Release|Any CPU.ActiveCfg = Release|Any CPU
		{F052C36E-C12A-0BEA-178C-348065019F06}.Release|Any CPU.Build.0 = Release|Any CPU
	EndGlobalSection
	GlobalSection(SolutionProperties) = preSolution
		HideSolutionNode = FALSE
	EndGlobalSection
	GlobalSection(ExtensibilityGlobals) = postSolution
		SolutionGuid = {4C495148-2EAF-42F1-8924-2AE784C62276}
	EndGlobalSection
EndGlobal
